
Microsoft Visual Studio Solution File, Format Version 12.00
# Visual Studio Version 17
VisualStudioVersion = 17.0.31903.59
MinimumVisualStudioVersion = 10.0.40219.1
Project("{2150E333-8FDC-42A3-9474-1A3956D46DE8}") = "src", "src", "{E52BD1ED-9A96-40C5-A199-AF94E3524A0C}"
EndProject
Project("{9A19103F-16F7-4668-BE54-9A1E7A4F7556}") = "ToroChallenge.Api", "src\ToroChallenge.Api\ToroChallenge.Api.csproj", "{D43ABF63-63A8-4741-B27E-E4B377FFD685}"
EndProject
Project("{9A19103F-16F7-4668-BE54-9A1E7A4F7556}") = "ToroChallenge.Application", "src\ToroChallenge.Application\ToroChallenge.Application.csproj", "{4C2C2647-C443-4FC3-AFA4-C0B20804CC92}"
EndProject
Project("{9A19103F-16F7-4668-BE54-9A1E7A4F7556}") = "ToroChallenge.Domain", "src\ToroChallenge.Domain\ToroChallenge.Domain.csproj", "{B1DCE53C-9A6D-48C5-9CC1-5E6DD6F2BE67}"
EndProject
Project("{2150E333-8FDC-42A3-9474-1A3956D46DE8}") = "tests", "tests", "{3F099D58-7054-4E76-BC36-1A08D3D91237}"
EndProject
Project("{9A19103F-16F7-4668-BE54-9A1E7A4F7556}") = "ToroChallenge.UnitTests", "tests\ToroChallenge.UnitTests\ToroChallenge.UnitTests.csproj", "{BC3AB030-48E5-428A-9FE3-BBD90F48346D}"
EndProject
Project("{9A19103F-16F7-4668-BE54-9A1E7A4F7556}") = "ToroChallenge.Data", "src\ToroChallenge.Data\ToroChallenge.Data.csproj", "{739A210B-D352-49CB-B1A7-7427840514FB}"
EndProject
Project("{2150E333-8FDC-42A3-9474-1A3956D46DE8}") = "1_Presentation", "1_Presentation", "{32395AE9-4DD5-42B3-BECC-78ECD381DE6E}"
EndProject
Project("{2150E333-8FDC-42A3-9474-1A3956D46DE8}") = "2_Application", "2_Application", "{AF2B7707-742C-437F-94F9-7693822570D4}"
EndProject
Project("{2150E333-8FDC-42A3-9474-1A3956D46DE8}") = "3_Domain", "3_Domain", "{E5DFFCC4-666E-4D5B-8741-CFDB8F618C29}"
EndProject
Project("{2150E333-8FDC-42A3-9474-1A3956D46DE8}") = "4_Infrastructure", "4_Infrastructure", "{09C4A128-B0C1-4691-BAA2-E6CD62B1243F}"
EndProject
Global
	GlobalSection(SolutionConfigurationPlatforms) = preSolution
		Debug|Any CPU = Debug|Any CPU
		Release|Any CPU = Release|Any CPU
	EndGlobalSection
	GlobalSection(ProjectConfigurationPlatforms) = postSolution
		{D43ABF63-63A8-4741-B27E-E4B377FFD685}.Debug|Any CPU.ActiveCfg = Debug|Any CPU
		{D43ABF63-63A8-4741-B27E-E4B377FFD685}.Debug|Any CPU.Build.0 = Debug|Any CPU
		{D43ABF63-63A8-4741-B27E-E4B377FFD685}.Release|Any CPU.ActiveCfg = Release|Any CPU
		{D43ABF63-63A8-4741-B27E-E4B377FFD685}.Release|Any CPU.Build.0 = Release|Any CPU
		{4C2C2647-C443-4FC3-AFA4-C0B20804CC92}.Debug|Any CPU.ActiveCfg = Debug|Any CPU
		{4C2C2647-C443-4FC3-AFA4-C0B20804CC92}.Debug|Any CPU.Build.0 = Debug|Any CPU
		{4C2C2647-C443-4FC3-AFA4-C0B20804CC92}.Release|Any CPU.ActiveCfg = Release|Any CPU
		{4C2C2647-C443-4FC3-AFA4-C0B20804CC92}.Release|Any CPU.Build.0 = Release|Any CPU
		{B1DCE53C-9A6D-48C5-9CC1-5E6DD6F2BE67}.Debug|Any CPU.ActiveCfg = Debug|Any CPU
		{B1DCE53C-9A6D-48C5-9CC1-5E6DD6F2BE67}.Debug|Any CPU.Build.0 = Debug|Any CPU
		{B1DCE53C-9A6D-48C5-9CC1-5E6DD6F2BE67}.Release|Any CPU.ActiveCfg = Release|Any CPU
		{B1DCE53C-9A6D-48C5-9CC1-5E6DD6F2BE67}.Release|Any CPU.Build.0 = Release|Any CPU
		{BC3AB030-48E5-428A-9FE3-BBD90F48346D}.Debug|Any CPU.ActiveCfg = Debug|Any CPU
		{BC3AB030-48E5-428A-9FE3-BBD90F48346D}.Debug|Any CPU.Build.0 = Debug|Any CPU
		{BC3AB030-48E5-428A-9FE3-BBD90F48346D}.Release|Any CPU.ActiveCfg = Release|Any CPU
		{BC3AB030-48E5-428A-9FE3-BBD90F48346D}.Release|Any CPU.Build.0 = Release|Any CPU
		{739A210B-D352-49CB-B1A7-7427840514FB}.Debug|Any CPU.ActiveCfg = Debug|Any CPU
		{739A210B-D352-49CB-B1A7-7427840514FB}.Debug|Any CPU.Build.0 = Debug|Any CPU
		{739A210B-D352-49CB-B1A7-7427840514FB}.Release|Any CPU.ActiveCfg = Release|Any CPU
		{739A210B-D352-49CB-B1A7-7427840514FB}.Release|Any CPU.Build.0 = Release|Any CPU
	EndGlobalSection
	GlobalSection(SolutionProperties) = preSolution
		HideSolutionNode = FALSE
	EndGlobalSection
	GlobalSection(NestedProjects) = preSolution
		{D43ABF63-63A8-4741-B27E-E4B377FFD685} = {32395AE9-4DD5-42B3-BECC-78ECD381DE6E}
		{4C2C2647-C443-4FC3-AFA4-C0B20804CC92} = {AF2B7707-742C-437F-94F9-7693822570D4}
		{B1DCE53C-9A6D-48C5-9CC1-5E6DD6F2BE67} = {E5DFFCC4-666E-4D5B-8741-CFDB8F618C29}
		{BC3AB030-48E5-428A-9FE3-BBD90F48346D} = {3F099D58-7054-4E76-BC36-1A08D3D91237}
		{739A210B-D352-49CB-B1A7-7427840514FB} = {09C4A128-B0C1-4691-BAA2-E6CD62B1243F}
		{32395AE9-4DD5-42B3-BECC-78ECD381DE6E} = {E52BD1ED-9A96-40C5-A199-AF94E3524A0C}
		{AF2B7707-742C-437F-94F9-7693822570D4} = {E52BD1ED-9A96-40C5-A199-AF94E3524A0C}
		{E5DFFCC4-666E-4D5B-8741-CFDB8F618C29} = {E52BD1ED-9A96-40C5-A199-AF94E3524A0C}
		{09C4A128-B0C1-4691-BAA2-E6CD62B1243F} = {E52BD1ED-9A96-40C5-A199-AF94E3524A0C}
	EndGlobalSection
	GlobalSection(ExtensibilityGlobals) = postSolution
		SolutionGuid = {62A43752-4577-474B-8629-82FE39E099E7}
	EndGlobalSection
EndGlobal
